
Microsoft Visual Studio Solution File, Format Version 12.00
# Visual Studio Version 17
VisualStudioVersion = 17.9.34607.119
MinimumVisualStudioVersion = 10.0.40219.1
Project("{FAE04EC0-301F-11D3-BF4B-00C04F79EFBC}") = "Calculator (C#)", "Calculator (C#).csproj", "{8FA542FC-6A9E-44BA-8260-E9DB647DE348}"
EndProject
Global
	GlobalSection(SolutionConfigurationPlatforms) = preSolution
		Debug|Any CPU = Debug|Any CPU
		Release|Any CPU = Release|Any CPU
	EndGlobalSection
	GlobalSection(ProjectConfigurationPlatforms) = postSolution
		{8FA542FC-6A9E-44BA-8260-E9DB647DE348}.Debug|Any CPU.ActiveCfg = Debug|Any CPU
		{8FA542FC-6A9E-44BA-8260-E9DB647DE348}.Debug|Any CPU.Build.0 = Debug|Any CPU
		{8FA542FC-6A9E-44BA-8260-E9DB647DE348}.Release|Any CPU.ActiveCfg = Release|Any CPU
		{8FA542FC-6A9E-44BA-8260-E9DB647DE348}.Release|Any CPU.Build.0 = Release|Any CPU
	EndGlobalSection
	GlobalSection(SolutionProperties) = preSolution
		HideSolutionNode = FALSE
	EndGlobalSection
	GlobalSection(ExtensibilityGlobals) = postSolution
		SolutionGuid = {2A3079C3-8045-47CE-AB7C-7C3933FF6B1A}
	EndGlobalSection
EndGlobal
